
Microsoft Visual Studio Solution File, Format Version 12.00
# Visual Studio Version 17
VisualStudioVersion = 17.5.33516.290
MinimumVisualStudioVersion = 10.0.40219.1
Project("{FAE04EC0-301F-11D3-BF4B-00C04F79EFBC}") = "ETicaretApp.Panel.UI", "ETicaretApp.Panel.UI\ETicaretApp.Panel.UI.csproj", "{9626A3D9-74FD-4EAB-B80E-76CE49DC0E3C}"
EndProject
Global
	GlobalSection(SolutionConfigurationPlatforms) = preSolution
		Debug|Any CPU = Debug|Any CPU
		Release|Any CPU = Release|Any CPU
	EndGlobalSection
	GlobalSection(ProjectConfigurationPlatforms) = postSolution
		{9626A3D9-74FD-4EAB-B80E-76CE49DC0E3C}.Debug|Any CPU.ActiveCfg = Debug|Any CPU
		{9626A3D9-74FD-4EAB-B80E-76CE49DC0E3C}.Debug|Any CPU.Build.0 = Debug|Any CPU
		{9626A3D9-74FD-4EAB-B80E-76CE49DC0E3C}.Release|Any CPU.ActiveCfg = Release|Any CPU
		{9626A3D9-74FD-4EAB-B80E-76CE49DC0E3C}.Release|Any CPU.Build.0 = Release|Any CPU
	EndGlobalSection
	GlobalSection(SolutionProperties) = preSolution
		HideSolutionNode = FALSE
	EndGlobalSection
	GlobalSection(ExtensibilityGlobals) = postSolution
		SolutionGuid = {7C2381AF-D0A4-4943-AEDA-BF174563157A}
	EndGlobalSection
EndGlobal
